// !$*UTF8*$!
{
	archiveVersion = 1;
	classes = {
	};
	objectVersion = 56;
	objects = {

/* Begin PBXBuildFile section */
		AB330480296D3A1A0016B2B4 /* AppDelegate.swift in Sources */ = {isa = PBXBuildFile; fileRef = AB33047F296D3A1A0016B2B4 /* AppDelegate.swift */; };
		AB330482296D3A1A0016B2B4 /* SceneDelegate.swift in Sources */ = {isa = PBXBuildFile; fileRef = AB330481296D3A1A0016B2B4 /* SceneDelegate.swift */; };
		AB330484296D3A1A0016B2B4 /* ViewController.swift in Sources */ = {isa = PBXBuildFile; fileRef = AB330483296D3A1A0016B2B4 /* ViewController.swift */; };
		AB330487296D3A1A0016B2B4 /* Main.storyboard in Resources */ = {isa = PBXBuildFile; fileRef = AB330485296D3A1A0016B2B4 /* Main.storyboard */; };
		AB330489296D3A1B0016B2B4 /* Assets.xcassets in Resources */ = {isa = PBXBuildFile; fileRef = AB330488296D3A1B0016B2B4 /* Assets.xcassets */; };
		AB33048C296D3A1B0016B2B4 /* LaunchScreen.storyboard in Resources */ = {isa = PBXBuildFile; fileRef = AB33048A296D3A1B0016B2B4 /* LaunchScreen.storyboard */; };
		AB330497296D3A1B0016B2B4 /* App_Event_CountTests.swift in Sources */ = {isa = PBXBuildFile; fileRef = AB330496296D3A1B0016B2B4 /* App_Event_CountTests.swift */; };
		AB3304A1296D3A1B0016B2B4 /* App_Event_CountUITests.swift in Sources */ = {isa = PBXBuildFile; fileRef = AB3304A0296D3A1B0016B2B4 /* App_Event_CountUITests.swift */; };
		AB3304A3296D3A1B0016B2B4 /* App_Event_CountUITestsLaunchTests.swift in Sources */ = {isa = PBXBuildFile; fileRef = AB3304A2296D3A1B0016B2B4 /* App_Event_CountUITestsLaunchTests.swift */; };
/* End PBXBuildFile section */

/* Begin PBXContainerItemProxy section */
		AB330493296D3A1B0016B2B4 /* PBXContainerItemProxy */ = {
			isa = PBXContainerItemProxy;
			containerPortal = AB330474296D3A1A0016B2B4 /* Project object */;
			proxyType = 1;
			remoteGlobalIDString = AB33047B296D3A1A0016B2B4;
			remoteInfo = "App Event Count";
		};
		AB33049D296D3A1B0016B2B4 /* PBXContainerItemProxy */ = {
			isa = PBXContainerItemProxy;
			containerPortal = AB330474296D3A1A0016B2B4 /* Project object */;
			proxyType = 1;
			remoteGlobalIDString = AB33047B296D3A1A0016B2B4;
			remoteInfo = "App Event Count";
		};
/* End PBXContainerItemProxy section */

/* Begin PBXFileReference section */
		AB33047C296D3A1A0016B2B4 /* App Event Count.app */ = {isa = PBXFileReference; explicitFileType = wrapper.application; includeInIndex = 0; path = "App Event Count.app"; sourceTree = BUILT_PRODUCTS_DIR; };
		AB33047F296D3A1A0016B2B4 /* AppDelegate.swift */ = {isa = PBXFileReference; lastKnownFileType = sourcecode.swift; path = AppDelegate.swift; sourceTree = "<group>"; };
		AB330481296D3A1A0016B2B4 /* SceneDelegate.swift */ = {isa = PBXFileReference; lastKnownFileType = sourcecode.swift; path = SceneDelegate.swift; sourceTree = "<group>"; };
		AB330483296D3A1A0016B2B4 /* ViewController.swift */ = {isa = PBXFileReference; lastKnownFileType = sourcecode.swift; path = ViewController.swift; sourceTree = "<group>"; };
		AB330486296D3A1A0016B2B4 /* Base */ = {isa = PBXFileReference; lastKnownFileType = file.storyboard; name = Base; path = Base.lproj/Main.storyboard; sourceTree = "<group>"; };
		AB330488296D3A1B0016B2B4 /* Assets.xcassets */ = {isa = PBXFileReference; lastKnownFileType = folder.assetcatalog; path = Assets.xcassets; sourceTree = "<group>"; };
		AB33048B296D3A1B0016B2B4 /* Base */ = {isa = PBXFileReference; lastKnownFileType = file.storyboard; name = Base; path = Base.lproj/LaunchScreen.storyboard; sourceTree = "<group>"; };
		AB33048D296D3A1B0016B2B4 /* Info.plist */ = {isa = PBXFileReference; lastKnownFileType = text.plist.xml; path = Info.plist; sourceTree = "<group>"; };
		AB330492296D3A1B0016B2B4 /* App Event CountTests.xctest */ = {isa = PBXFileReference; explicitFileType = wrapper.cfbundle; includeInIndex = 0; path = "App Event CountTests.xctest"; sourceTree = BUILT_PRODUCTS_DIR; };
		AB330496296D3A1B0016B2B4 /* App_Event_CountTests.swift */ = {isa = PBXFileReference; lastKnownFileType = sourcecode.swift; path = App_Event_CountTests.swift; sourceTree = "<group>"; };
		AB33049C296D3A1B0016B2B4 /* App Event CountUITests.xctest */ = {isa = PBXFileReference; explicitFileType = wrapper.cfbundle; includeInIndex = 0; path = "App Event CountUITests.xctest"; sourceTree = BUILT_PRODUCTS_DIR; };
		AB3304A0296D3A1B0016B2B4 /* App_Event_CountUITests.swift */ = {isa = PBXFileReference; lastKnownFileType = sourcecode.swift; path = App_Event_CountUITests.swift; sourceTree = "<group>"; };
		AB3304A2296D3A1B0016B2B4 /* App_Event_CountUITestsLaunchTests.swift */ = {isa = PBXFileReference; lastKnownFileType = sourcecode.swift; path = App_Event_CountUITestsLaunchTests.swift; sourceTree = "<group>"; };
/* End PBXFileReference section */

/* Begin PBXFrameworksBuildPhase section */
		AB330479296D3A1A0016B2B4 /* Frameworks */ = {
			isa = PBXFrameworksBuildPhase;
			buildActionMask = 2147483647;
			files = (
			);
			runOnlyForDeploymentPostprocessing = 0;
		};
		AB33048F296D3A1B0016B2B4 /* Frameworks */ = {
			isa = PBXFrameworksBuildPhase;
			buildActionMask = 2147483647;
			files = (
			);
			runOnlyForDeploymentPostprocessing = 0;
		};
		AB330499296D3A1B0016B2B4 /* Frameworks */ = {
			isa = PBXFrameworksBuildPhase;
			buildActionMask = 2147483647;
			files = (
			);
			runOnlyForDeploymentPostprocessing = 0;
		};
/* End PBXFrameworksBuildPhase section */

/* Begin PBXGroup section */
		AB330473296D3A1A0016B2B4 = {
			isa = PBXGroup;
			children = (
				AB33047E296D3A1A0016B2B4 /* App Event Count */,
				AB330495296D3A1B0016B2B4 /* App Event CountTests */,
				AB33049F296D3A1B0016B2B4 /* App Event CountUITests */,
				AB33047D296D3A1A0016B2B4 /* Products */,
			);
			sourceTree = "<group>";
		};
		AB33047D296D3A1A0016B2B4 /* Products */ = {
			isa = PBXGroup;
			children = (
				AB33047C296D3A1A0016B2B4 /* App Event Count.app */,
				AB330492296D3A1B0016B2B4 /* App Event CountTests.xctest */,
				AB33049C296D3A1B0016B2B4 /* App Event CountUITests.xctest */,
			);
			name = Products;
			sourceTree = "<group>";
		};
		AB33047E296D3A1A0016B2B4 /* App Event Count */ = {
			isa = PBXGroup;
			children = (
				AB33047F296D3A1A0016B2B4 /* AppDelegate.swift */,
				AB330481296D3A1A0016B2B4 /* SceneDelegate.swift */,
				AB330483296D3A1A0016B2B4 /* ViewController.swift */,
				AB330485296D3A1A0016B2B4 /* Main.storyboard */,
				AB330488296D3A1B0016B2B4 /* Assets.xcassets */,
				AB33048A296D3A1B0016B2B4 /* LaunchScreen.storyboard */,
				AB33048D296D3A1B0016B2B4 /* Info.plist */,
			);
			path = "App Event Count";
			sourceTree = "<group>";
		};
		AB330495296D3A1B0016B2B4 /* App Event CountTests */ = {
			isa = PBXGroup;
			children = (
				AB330496296D3A1B0016B2B4 /* App_Event_CountTests.swift */,
			);
			path = "App Event CountTests";
			sourceTree = "<group>";
		};
		AB33049F296D3A1B0016B2B4 /* App Event CountUITests */ = {
			isa = PBXGroup;
			children = (
				AB3304A0296D3A1B0016B2B4 /* App_Event_CountUITests.swift */,
				AB3304A2296D3A1B0016B2B4 /* App_Event_CountUITestsLaunchTests.swift */,
			);
			path = "App Event CountUITests";
			sourceTree = "<group>";
		};
/* End PBXGroup section */

/* Begin PBXNativeTarget section */
		AB33047B296D3A1A0016B2B4 /* App Event Count */ = {
			isa = PBXNativeTarget;
			buildConfigurationList = AB3304A6296D3A1B0016B2B4 /* Build configuration list for PBXNativeTarget "App Event Count" */;
			buildPhases = (
				AB330478296D3A1A0016B2B4 /* Sources */,
				AB330479296D3A1A0016B2B4 /* Frameworks */,
				AB33047A296D3A1A0016B2B4 /* Resources */,
			);
			buildRules = (
			);
			dependencies = (
			);
			name = "App Event Count";
			productName = "App Event Count";
			productReference = AB33047C296D3A1A0016B2B4 /* App Event Count.app */;
			productType = "com.apple.product-type.application";
		};
		AB330491296D3A1B0016B2B4 /* App Event CountTests */ = {
			isa = PBXNativeTarget;
			buildConfigurationList = AB3304A9296D3A1B0016B2B4 /* Build configuration list for PBXNativeTarget "App Event CountTests" */;
			buildPhases = (
				AB33048E296D3A1B0016B2B4 /* Sources */,
				AB33048F296D3A1B0016B2B4 /* Frameworks */,
				AB330490296D3A1B0016B2B4 /* Resources */,
			);
			buildRules = (
			);
			dependencies = (
				AB330494296D3A1B0016B2B4 /* PBXTargetDependency */,
			);
			name = "App Event CountTests";
			productName = "App Event CountTests";
			productReference = AB330492296D3A1B0016B2B4 /* App Event CountTests.xctest */;
			productType = "com.apple.product-type.bundle.unit-test";
		};
		AB33049B296D3A1B0016B2B4 /* App Event CountUITests */ = {
			isa = PBXNativeTarget;
			buildConfigurationList = AB3304AC296D3A1B0016B2B4 /* Build configuration list for PBXNativeTarget "App Event CountUITests" */;
			buildPhases = (
				AB330498296D3A1B0016B2B4 /* Sources */,
				AB330499296D3A1B0016B2B4 /* Frameworks */,
				AB33049A296D3A1B0016B2B4 /* Resources */,
			);
			buildRules = (
			);
			dependencies = (
				AB33049E296D3A1B0016B2B4 /* PBXTargetDependency */,
			);
			name = "App Event CountUITests";
			productName = "App Event CountUITests";
			productReference = AB33049C296D3A1B0016B2B4 /* App Event CountUITests.xctest */;
			productType = "com.apple.product-type.bundle.ui-testing";
		};
/* End PBXNativeTarget section */

/* Begin PBXProject section */
		AB330474296D3A1A0016B2B4 /* Project object */ = {
			isa = PBXProject;
			attributes = {
				BuildIndependentTargetsInParallel = 1;
				LastSwiftUpdateCheck = 1420;
				LastUpgradeCheck = 1420;
				TargetAttributes = {
					AB33047B296D3A1A0016B2B4 = {
						CreatedOnToolsVersion = 14.2;
					};
					AB330491296D3A1B0016B2B4 = {
						CreatedOnToolsVersion = 14.2;
						TestTargetID = AB33047B296D3A1A0016B2B4;
					};
					AB33049B296D3A1B0016B2B4 = {
						CreatedOnToolsVersion = 14.2;
						TestTargetID = AB33047B296D3A1A0016B2B4;
					};
				};
			};
			buildConfigurationList = AB330477296D3A1A0016B2B4 /* Build configuration list for PBXProject "App Event Count" */;
			compatibilityVersion = "Xcode 14.0";
			developmentRegion = en;
			hasScannedForEncodings = 0;
			knownRegions = (
				en,
				Base,
			);
			mainGroup = AB330473296D3A1A0016B2B4;
			productRefGroup = AB33047D296D3A1A0016B2B4 /* Products */;
			projectDirPath = "";
			projectRoot = "";
			targets = (
				AB33047B296D3A1A0016B2B4 /* App Event Count */,
				AB330491296D3A1B0016B2B4 /* App Event CountTests */,
				AB33049B296D3A1B0016B2B4 /* App Event CountUITests */,
			);
		};
/* End PBXProject section */

/* Begin PBXResourcesBuildPhase section */
		AB33047A296D3A1A0016B2B4 /* Resources */ = {
			isa = PBXResourcesBuildPhase;
			buildActionMask = 2147483647;
			files = (
				AB33048C296D3A1B0016B2B4 /* LaunchScreen.storyboard in Resources */,
				AB330489296D3A1B0016B2B4 /* Assets.xcassets in Resources */,
				AB330487296D3A1A0016B2B4 /* Main.storyboard in Resources */,
			);
			runOnlyForDeploymentPostprocessing = 0;
		};
		AB330490296D3A1B0016B2B4 /* Resources */ = {
			isa = PBXResourcesBuildPhase;
			buildActionMask = 2147483647;
			files = (
			);
			runOnlyForDeploymentPostprocessing = 0;
		};
		AB33049A296D3A1B0016B2B4 /* Resources */ = {
			isa = PBXResourcesBuildPhase;
			buildActionMask = 2147483647;
			files = (
			);
			runOnlyForDeploymentPostprocessing = 0;
		};
/* End PBXResourcesBuildPhase section */

/* Begin PBXSourcesBuildPhase section */
		AB330478296D3A1A0016B2B4 /* Sources */ = {
			isa = PBXSourcesBuildPhase;
			buildActionMask = 2147483647;
			files = (
				AB330484296D3A1A0016B2B4 /* ViewController.swift in Sources */,
				AB330480296D3A1A0016B2B4 /* AppDelegate.swift in Sources */,
				AB330482296D3A1A0016B2B4 /* SceneDelegate.swift in Sources */,
			);
			runOnlyForDeploymentPostprocessing = 0;
		};
		AB33048E296D3A1B0016B2B4 /* Sources */ = {
			isa = PBXSourcesBuildPhase;
			buildActionMask = 2147483647;
			files = (
				AB330497296D3A1B0016B2B4 /* App_Event_CountTests.swift in Sources */,
			);
			runOnlyForDeploymentPostprocessing = 0;
		};
		AB330498296D3A1B0016B2B4 /* Sources */ = {
			isa = PBXSourcesBuildPhase;
			buildActionMask = 2147483647;
			files = (
				AB3304A1296D3A1B0016B2B4 /* App_Event_CountUITests.swift in Sources */,
				AB3304A3296D3A1B0016B2B4 /* App_Event_CountUITestsLaunchTests.swift in Sources */,
			);
			runOnlyForDeploymentPostprocessing = 0;
		};
/* End PBXSourcesBuildPhase section */

/* Begin PBXTargetDependency section */
		AB330494296D3A1B0016B2B4 /* PBXTargetDependency */ = {
			isa = PBXTargetDependency;
			target = AB33047B296D3A1A0016B2B4 /* App Event Count */;
			targetProxy = AB330493296D3A1B0016B2B4 /* PBXContainerItemProxy */;
		};
		AB33049E296D3A1B0016B2B4 /* PBXTargetDependency */ = {
			isa = PBXTargetDependency;
			target = AB33047B296D3A1A0016B2B4 /* App Event Count */;
			targetProxy = AB33049D296D3A1B0016B2B4 /* PBXContainerItemProxy */;
		};
/* End PBXTargetDependency section */

/* Begin PBXVariantGroup section */
		AB330485296D3A1A0016B2B4 /* Main.storyboard */ = {
			isa = PBXVariantGroup;
			children = (
				AB330486296D3A1A0016B2B4 /* Base */,
			);
			name = Main.storyboard;
			sourceTree = "<group>";
		};
		AB33048A296D3A1B0016B2B4 /* LaunchScreen.storyboard */ = {
			isa = PBXVariantGroup;
			children = (
				AB33048B296D3A1B0016B2B4 /* Base */,
			);
			name = LaunchScreen.storyboard;
			sourceTree = "<group>";
		};
/* End PBXVariantGroup section */

/* Begin XCBuildConfiguration section */
		AB3304A4296D3A1B0016B2B4 /* Debug */ = {
			isa = XCBuildConfiguration;
			buildSettings = {
				ALWAYS_SEARCH_USER_PATHS = NO;
				CLANG_ANALYZER_NONNULL = YES;
				CLANG_ANALYZER_NUMBER_OBJECT_CONVERSION = YES_AGGRESSIVE;
				CLANG_CXX_LANGUAGE_STANDARD = "gnu++20";
				CLANG_ENABLE_MODULES = YES;
				CLANG_ENABLE_OBJC_ARC = YES;
				CLANG_ENABLE_OBJC_WEAK = YES;
				CLANG_WARN_BLOCK_CAPTURE_AUTORELEASING = YES;
				CLANG_WARN_BOOL_CONVERSION = YES;
				CLANG_WARN_COMMA = YES;
				CLANG_WARN_CONSTANT_CONVERSION = YES;
				CLANG_WARN_DEPRECATED_OBJC_IMPLEMENTATIONS = YES;
				CLANG_WARN_DIRECT_OBJC_ISA_USAGE = YES_ERROR;
				CLANG_WARN_DOCUMENTATION_COMMENTS = YES;
				CLANG_WARN_EMPTY_BODY = YES;
				CLANG_WARN_ENUM_CONVERSION = YES;
				CLANG_WARN_INFINITE_RECURSION = YES;
				CLANG_WARN_INT_CONVERSION = YES;
				CLANG_WARN_NON_LITERAL_NULL_CONVERSION = YES;
				CLANG_WARN_OBJC_IMPLICIT_RETAIN_SELF = YES;
				CLANG_WARN_OBJC_LITERAL_CONVERSION = YES;
				CLANG_WARN_OBJC_ROOT_CLASS = YES_ERROR;
				CLANG_WARN_QUOTED_INCLUDE_IN_FRAMEWORK_HEADER = YES;
				CLANG_WARN_RANGE_LOOP_ANALYSIS = YES;
				CLANG_WARN_STRICT_PROTOTYPES = YES;
				CLANG_WARN_SUSPICIOUS_MOVE = YES;
				CLANG_WARN_UNGUARDED_AVAILABILITY = YES_AGGRESSIVE;
				CLANG_WARN_UNREACHABLE_CODE = YES;
				CLANG_WARN__DUPLICATE_METHOD_MATCH = YES;
				COPY_PHASE_STRIP = NO;
				DEBUG_INFORMATION_FORMAT = dwarf;
				ENABLE_STRICT_OBJC_MSGSEND = YES;
				ENABLE_TESTABILITY = YES;
				GCC_C_LANGUAGE_STANDARD = gnu11;
				GCC_DYNAMIC_NO_PIC = NO;
				GCC_NO_COMMON_BLOCKS = YES;
				GCC_OPTIMIZATION_LEVEL = 0;
				GCC_PREPROCESSOR_DEFINITIONS = (
					"DEBUG=1",
					"$(inherited)",
				);
				GCC_WARN_64_TO_32_BIT_CONVERSION = YES;
				GCC_WARN_ABOUT_RETURN_TYPE = YES_ERROR;
				GCC_WARN_UNDECLARED_SELECTOR = YES;
				GCC_WARN_UNINITIALIZED_AUTOS = YES_AGGRESSIVE;
				GCC_WARN_UNUSED_FUNCTION = YES;
				GCC_WARN_UNUSED_VARIABLE = YES;
				IPHONEOS_DEPLOYMENT_TARGET = 16.2;
				MTL_ENABLE_DEBUG_INFO = INCLUDE_SOURCE;
				MTL_FAST_MATH = YES;
				ONLY_ACTIVE_ARCH = YES;
				SDKROOT = iphoneos;
				SWIFT_ACTIVE_COMPILATION_CONDITIONS = DEBUG;
				SWIFT_OPTIMIZATION_LEVEL = "-Onone";
			};
			name = Debug;
		};
		AB3304A5296D3A1B0016B2B4 /* Release */ = {
			isa = XCBuildConfiguration;
			buildSettings = {
				ALWAYS_SEARCH_USER_PATHS = NO;
				CLANG_ANALYZER_NONNULL = YES;
				CLANG_ANALYZER_NUMBER_OBJECT_CONVERSION = YES_AGGRESSIVE;
				CLANG_CXX_LANGUAGE_STANDARD = "gnu++20";
				CLANG_ENABLE_MODULES = YES;
				CLANG_ENABLE_OBJC_ARC = YES;
				CLANG_ENABLE_OBJC_WEAK = YES;
				CLANG_WARN_BLOCK_CAPTURE_AUTORELEASING = YES;
				CLANG_WARN_BOOL_CONVERSION = YES;
				CLANG_WARN_COMMA = YES;
				CLANG_WARN_CONSTANT_CONVERSION = YES;
				CLANG_WARN_DEPRECATED_OBJC_IMPLEMENTATIONS = YES;
				CLANG_WARN_DIRECT_OBJC_ISA_USAGE = YES_ERROR;
				CLANG_WARN_DOCUMENTATION_COMMENTS = YES;
				CLANG_WARN_EMPTY_BODY = YES;
				CLANG_WARN_ENUM_CONVERSION = YES;
				CLANG_WARN_INFINITE_RECURSION = YES;
				CLANG_WARN_INT_CONVERSION = YES;
				CLANG_WARN_NON_LITERAL_NULL_CONVERSION = YES;
				CLANG_WARN_OBJC_IMPLICIT_RETAIN_SELF = YES;
				CLANG_WARN_OBJC_LITERAL_CONVERSION = YES;
				CLANG_WARN_OBJC_ROOT_CLASS = YES_ERROR;
				CLANG_WARN_QUOTED_INCLUDE_IN_FRAMEWORK_HEADER = YES;
				CLANG_WARN_RANGE_LOOP_ANALYSIS = YES;
				CLANG_WARN_STRICT_PROTOTYPES = YES;
				CLANG_WARN_SUSPICIOUS_MOVE = YES;
				CLANG_WARN_UNGUARDED_AVAILABILITY = YES_AGGRESSIVE;
				CLANG_WARN_UNREACHABLE_CODE = YES;
				CLANG_WARN__DUPLICATE_METHOD_MATCH = YES;
				COPY_PHASE_STRIP = NO;
				DEBUG_INFORMATION_FORMAT = "dwarf-with-dsym";
				ENABLE_NS_ASSERTIONS = NO;
				ENABLE_STRICT_OBJC_MSGSEND = YES;
				GCC_C_LANGUAGE_STANDARD = gnu11;
				GCC_NO_COMMON_BLOCKS = YES;
				GCC_WARN_64_TO_32_BIT_CONVERSION = YES;
				GCC_WARN_ABOUT_RETURN_TYPE = YES_ERROR;
				GCC_WARN_UNDECLARED_SELECTOR = YES;
				GCC_WARN_UNINITIALIZED_AUTOS = YES_AGGRESSIVE;
				GCC_WARN_UNUSED_FUNCTION = YES;
				GCC_WARN_UNUSED_VARIABLE = YES;
				IPHONEOS_DEPLOYMENT_TARGET = 16.2;
				MTL_ENABLE_DEBUG_INFO = NO;
				MTL_FAST_MATH = YES;
				SDKROOT = iphoneos;
				SWIFT_COMPILATION_MODE = wholemodule;
				SWIFT_OPTIMIZATION_LEVEL = "-O";
				VALIDATE_PRODUCT = YES;
			};
			name = Release;
		};
		AB3304A7296D3A1B0016B2B4 /* Debug */ = {
			isa = XCBuildConfiguration;
			buildSettings = {
				ASSETCATALOG_COMPILER_APPICON_NAME = AppIcon;
				ASSETCATALOG_COMPILER_GLOBAL_ACCENT_COLOR_NAME = AccentColor;
				CODE_SIGN_STYLE = Automatic;
				CURRENT_PROJECT_VERSION = 1;
				DEVELOPMENT_TEAM = PQ66K967C7;
				GENERATE_INFOPLIST_FILE = YES;
				INFOPLIST_FILE = "App Event Count/Info.plist";
				INFOPLIST_KEY_UIApplicationSupportsIndirectInputEvents = YES;
				INFOPLIST_KEY_UILaunchStoryboardName = LaunchScreen;
				INFOPLIST_KEY_UIMainStoryboardFile = Main;
				INFOPLIST_KEY_UISupportedInterfaceOrientations_iPad = "UIInterfaceOrientationPortrait UIInterfaceOrientationPortraitUpsideDown UIInterfaceOrientationLandscapeLeft UIInterfaceOrientationLandscapeRight";
				INFOPLIST_KEY_UISupportedInterfaceOrientations_iPhone = "UIInterfaceOrientationPortrait UIInterfaceOrientationLandscapeLeft UIInterfaceOrientationLandscapeRight";
				LD_RUNPATH_SEARCH_PATHS = (
					"$(inherited)",
					"@executable_path/Frameworks",
				);
				MARKETING_VERSION = 1.0;
				PRODUCT_BUNDLE_IDENTIFIER = "in.edu.srmist.App-Event-Count";
				PRODUCT_NAME = "$(TARGET_NAME)";
				SWIFT_EMIT_LOC_STRINGS = YES;
				SWIFT_VERSION = 5.0;
				TARGETED_DEVICE_FAMILY = "1,2";
			};
			name = Debug;
		};
		AB3304A8296D3A1B0016B2B4 /* Release */ = {
			isa = XCBuildConfiguration;
			buildSettings = {
				ASSETCATALOG_COMPILER_APPICON_NAME = AppIcon;
				ASSETCATALOG_COMPILER_GLOBAL_ACCENT_COLOR_NAME = AccentColor;
				CODE_SIGN_STYLE = Automatic;
				CURRENT_PROJECT_VERSION = 1;
				DEVELOPMENT_TEAM = PQ66K967C7;
				GENERATE_INFOPLIST_FILE = YES;
				INFOPLIST_FILE = "App Event Count/Info.plist";
				INFOPLIST_KEY_UIApplicationSupportsIndirectInputEvents = YES;
				INFOPLIST_KEY_UILaunchStoryboardName = LaunchScreen;
				INFOPLIST_KEY_UIMainStoryboardFile = Main;
				INFOPLIST_KEY_UISupportedInterfaceOrientations_iPad = "UIInterfaceOrientationPortrait UIInterfaceOrientationPortraitUpsideDown UIInterfaceOrientationLandscapeLeft UIInterfaceOrientationLandscapeRight";
				INFOPLIST_KEY_UISupportedInterfaceOrientations_iPhone = "UIInterfaceOrientationPortrait UIInterfaceOrientationLandscapeLeft UIInterfaceOrientationLandscapeRight";
				LD_RUNPATH_SEARCH_PATHS = (
					"$(inherited)",
					"@executable_path/Frameworks",
				);
				MARKETING_VERSION = 1.0;
				PRODUCT_BUNDLE_IDENTIFIER = "in.edu.srmist.App-Event-Count";
				PRODUCT_NAME = "$(TARGET_NAME)";
				SWIFT_EMIT_LOC_STRINGS = YES;
				SWIFT_VERSION = 5.0;
				TARGETED_DEVICE_FAMILY = "1,2";
			};
			name = Release;
		};
		AB3304AA296D3A1B0016B2B4 /* Debug */ = {
			isa = XCBuildConfiguration;
			buildSettings = {
				ALWAYS_EMBED_SWIFT_STANDARD_LIBRARIES = YES;
				BUNDLE_LOADER = "$(TEST_HOST)";
				CODE_SIGN_STYLE = Automatic;
				CURRENT_PROJECT_VERSION = 1;
				DEVELOPMENT_TEAM = PQ66K967C7;
				GENERATE_INFOPLIST_FILE = YES;
				IPHONEOS_DEPLOYMENT_TARGET = 16.2;
				MARKETING_VERSION = 1.0;
				PRODUCT_BUNDLE_IDENTIFIER = "in.edu.srmist.App-Event-CountTests";
				PRODUCT_NAME = "$(TARGET_NAME)";
				SWIFT_EMIT_LOC_STRINGS = NO;
				SWIFT_VERSION = 5.0;
				TARGETED_DEVICE_FAMILY = "1,2";
				TEST_HOST = "$(BUILT_PRODUCTS_DIR)/App Event Count.app/$(BUNDLE_EXECUTABLE_FOLDER_PATH)/App Event Count";
			};
			name = Debug;
		};
		AB3304AB296D3A1B0016B2B4 /* Release */ = {
			isa = XCBuildConfiguration;
			buildSettings = {
				ALWAYS_EMBED_SWIFT_STANDARD_LIBRARIES = YES;
				BUNDLE_LOADER = "$(TEST_HOST)";
				CODE_SIGN_STYLE = Automatic;
				CURRENT_PROJECT_VERSION = 1;
				DEVELOPMENT_TEAM = PQ66K967C7;
				GENERATE_INFOPLIST_FILE = YES;
				IPHONEOS_DEPLOYMENT_TARGET = 16.2;
				MARKETING_VERSION = 1.0;
				PRODUCT_BUNDLE_IDENTIFIER = "in.edu.srmist.App-Event-CountTests";
				PRODUCT_NAME = "$(TARGET_NAME)";
				SWIFT_EMIT_LOC_STRINGS = NO;
				SWIFT_VERSION = 5.0;
				TARGETED_DEVICE_FAMILY = "1,2";
				TEST_HOST = "$(BUILT_PRODUCTS_DIR)/App Event Count.app/$(BUNDLE_EXECUTABLE_FOLDER_PATH)/App Event Count";
			};
			name = Release;
		};
		AB3304AD296D3A1B0016B2B4 /* Debug */ = {
			isa = XCBuildConfiguration;
			buildSettings = {
				ALWAYS_EMBED_SWIFT_STANDARD_LIBRARIES = YES;
				CODE_SIGN_STYLE = Automatic;
				CURRENT_PROJECT_VERSION = 1;
				DEVELOPMENT_TEAM = PQ66K967C7;
				GENERATE_INFOPLIST_FILE = YES;
				MARKETING_VERSION = 1.0;
				PRODUCT_BUNDLE_IDENTIFIER = "in.edu.srmist.App-Event-CountUITests";
				PRODUCT_NAME = "$(TARGET_NAME)";
				SWIFT_EMIT_LOC_STRINGS = NO;
				SWIFT_VERSION = 5.0;
				TARGETED_DEVICE_FAMILY = "1,2";
				TEST_TARGET_NAME = "App Event Count";
			};
			name = Debug;
		};
		AB3304AE296D3A1B0016B2B4 /* Release */ = {
			isa = XCBuildConfiguration;
			buildSettings = {
				ALWAYS_EMBED_SWIFT_STANDARD_LIBRARIES = YES;
				CODE_SIGN_STYLE = Automatic;
				CURRENT_PROJECT_VERSION = 1;
				DEVELOPMENT_TEAM = PQ66K967C7;
				GENERATE_INFOPLIST_FILE = YES;
				MARKETING_VERSION = 1.0;
				PRODUCT_BUNDLE_IDENTIFIER = "in.edu.srmist.App-Event-CountUITests";
				PRODUCT_NAME = "$(TARGET_NAME)";
				SWIFT_EMIT_LOC_STRINGS = NO;
				SWIFT_VERSION = 5.0;
				TARGETED_DEVICE_FAMILY = "1,2";
				TEST_TARGET_NAME = "App Event Count";
			};
			name = Release;
		};
/* End XCBuildConfiguration section */

/* Begin XCConfigurationList section */
		AB330477296D3A1A0016B2B4 /* Build configuration list for PBXProject "App Event Count" */ = {
			isa = XCConfigurationList;
			buildConfigurations = (
				AB3304A4296D3A1B0016B2B4 /* Debug */,
				AB3304A5296D3A1B0016B2B4 /* Release */,
			);
			defaultConfigurationIsVisible = 0;
			defaultConfigurationName = Release;
		};
		AB3304A6296D3A1B0016B2B4 /* Build configuration list for PBXNativeTarget "App Event Count" */ = {
			isa = XCConfigurationList;
			buildConfigurations = (
				AB3304A7296D3A1B0016B2B4 /* Debug */,
				AB3304A8296D3A1B0016B2B4 /* Release */,
			);
			defaultConfigurationIsVisible = 0;
			defaultConfigurationName = Release;
		};
		AB3304A9296D3A1B0016B2B4 /* Build configuration list for PBXNativeTarget "App Event CountTests" */ = {
			isa = XCConfigurationList;
			buildConfigurations = (
				AB3304AA296D3A1B0016B2B4 /* Debug */,
				AB3304AB296D3A1B0016B2B4 /* Release */,
			);
			defaultConfigurationIsVisible = 0;
			defaultConfigurationName = Release;
		};
		AB3304AC296D3A1B0016B2B4 /* Build configuration list for PBXNativeTarget "App Event CountUITests" */ = {
			isa = XCConfigurationList;
			buildConfigurations = (
				AB3304AD296D3A1B0016B2B4 /* Debug */,
				AB3304AE296D3A1B0016B2B4 /* Release */,
			);
			defaultConfigurationIsVisible = 0;
			defaultConfigurationName = Release;
		};
/* End XCConfigurationList section */
	};
	rootObject = AB330474296D3A1A0016B2B4 /* Project object */;
}
